// !$*UTF8*$!
{
	archiveVersion = 1;
	classes = {
	};
	objectVersion = 56;
	objects = {

/* Begin PBXBuildFile section */
		87C7F6E62ADC854B009B1A50 /* AppDelegate.swift in Sources */ = {isa = PBXBuildFile; fileRef = 87C7F6E52ADC854B009B1A50 /* AppDelegate.swift */; };
		87C7F6E82ADC854B009B1A50 /* SceneDelegate.swift in Sources */ = {isa = PBXBuildFile; fileRef = 87C7F6E72ADC854B009B1A50 /* SceneDelegate.swift */; };
		87C7F6EA2ADC854B009B1A50 /* ViewController.swift in Sources */ = {isa = PBXBuildFile; fileRef = 87C7F6E92ADC854B009B1A50 /* ViewController.swift */; };
		87C7F6ED2ADC854B009B1A50 /* Main.storyboard in Resources */ = {isa = PBXBuildFile; fileRef = 87C7F6EB2ADC854B009B1A50 /* Main.storyboard */; };
		87C7F6EF2ADC854C009B1A50 /* Assets.xcassets in Resources */ = {isa = PBXBuildFile; fileRef = 87C7F6EE2ADC854C009B1A50 /* Assets.xcassets */; };
		87C7F6F22ADC854C009B1A50 /* LaunchScreen.storyboard in Resources */ = {isa = PBXBuildFile; fileRef = 87C7F6F02ADC854C009B1A50 /* LaunchScreen.storyboard */; };
		87C7F6FD2ADC854C009B1A50 /* pdf_converterTests.swift in Sources */ = {isa = PBXBuildFile; fileRef = 87C7F6FC2ADC854C009B1A50 /* pdf_converterTests.swift */; };
		87C7F7072ADC854C009B1A50 /* pdf_converterUITests.swift in Sources */ = {isa = PBXBuildFile; fileRef = 87C7F7062ADC854C009B1A50 /* pdf_converterUITests.swift */; };
		87C7F7092ADC854C009B1A50 /* pdf_converterUITestsLaunchTests.swift in Sources */ = {isa = PBXBuildFile; fileRef = 87C7F7082ADC854C009B1A50 /* pdf_converterUITestsLaunchTests.swift */; };
/* End PBXBuildFile section */

/* Begin PBXContainerItemProxy section */
		87C7F6F92ADC854C009B1A50 /* PBXContainerItemProxy */ = {
			isa = PBXContainerItemProxy;
			containerPortal = 87C7F6DA2ADC854B009B1A50 /* Project object */;
			proxyType = 1;
			remoteGlobalIDString = 87C7F6E12ADC854B009B1A50;
			remoteInfo = pdf_converter;
		};
		87C7F7032ADC854C009B1A50 /* PBXContainerItemProxy */ = {
			isa = PBXContainerItemProxy;
			containerPortal = 87C7F6DA2ADC854B009B1A50 /* Project object */;
			proxyType = 1;
			remoteGlobalIDString = 87C7F6E12ADC854B009B1A50;
			remoteInfo = pdf_converter;
		};
/* End PBXContainerItemProxy section */

/* Begin PBXFileReference section */
		87C7F6E22ADC854B009B1A50 /* pdf_converter.app */ = {isa = PBXFileReference; explicitFileType = wrapper.application; includeInIndex = 0; path = pdf_converter.app; sourceTree = BUILT_PRODUCTS_DIR; };
		87C7F6E52ADC854B009B1A50 /* AppDelegate.swift */ = {isa = PBXFileReference; lastKnownFileType = sourcecode.swift; path = AppDelegate.swift; sourceTree = "<group>"; };
		87C7F6E72ADC854B009B1A50 /* SceneDelegate.swift */ = {isa = PBXFileReference; lastKnownFileType = sourcecode.swift; path = SceneDelegate.swift; sourceTree = "<group>"; };
		87C7F6E92ADC854B009B1A50 /* ViewController.swift */ = {isa = PBXFileReference; lastKnownFileType = sourcecode.swift; path = ViewController.swift; sourceTree = "<group>"; };
		87C7F6EC2ADC854B009B1A50 /* Base */ = {isa = PBXFileReference; lastKnownFileType = file.storyboard; name = Base; path = Base.lproj/Main.storyboard; sourceTree = "<group>"; };
		87C7F6EE2ADC854C009B1A50 /* Assets.xcassets */ = {isa = PBXFileReference; lastKnownFileType = folder.assetcatalog; path = Assets.xcassets; sourceTree = "<group>"; };
		87C7F6F12ADC854C009B1A50 /* Base */ = {isa = PBXFileReference; lastKnownFileType = file.storyboard; name = Base; path = Base.lproj/LaunchScreen.storyboard; sourceTree = "<group>"; };
		87C7F6F32ADC854C009B1A50 /* Info.plist */ = {isa = PBXFileReference; lastKnownFileType = text.plist.xml; path = Info.plist; sourceTree = "<group>"; };
		87C7F6F82ADC854C009B1A50 /* pdf_converterTests.xctest */ = {isa = PBXFileReference; explicitFileType = wrapper.cfbundle; includeInIndex = 0; path = pdf_converterTests.xctest; sourceTree = BUILT_PRODUCTS_DIR; };
		87C7F6FC2ADC854C009B1A50 /* pdf_converterTests.swift */ = {isa = PBXFileReference; lastKnownFileType = sourcecode.swift; path = pdf_converterTests.swift; sourceTree = "<group>"; };
		87C7F7022ADC854C009B1A50 /* pdf_converterUITests.xctest */ = {isa = PBXFileReference; explicitFileType = wrapper.cfbundle; includeInIndex = 0; path = pdf_converterUITests.xctest; sourceTree = BUILT_PRODUCTS_DIR; };
		87C7F7062ADC854C009B1A50 /* pdf_converterUITests.swift */ = {isa = PBXFileReference; lastKnownFileType = sourcecode.swift; path = pdf_converterUITests.swift; sourceTree = "<group>"; };
		87C7F7082ADC854C009B1A50 /* pdf_converterUITestsLaunchTests.swift */ = {isa = PBXFileReference; lastKnownFileType = sourcecode.swift; path = pdf_converterUITestsLaunchTests.swift; sourceTree = "<group>"; };
/* End PBXFileReference section */

/* Begin PBXFrameworksBuildPhase section */
		87C7F6DF2ADC854B009B1A50 /* Frameworks */ = {
			isa = PBXFrameworksBuildPhase;
			buildActionMask = 2147483647;
			files = (
			);
			runOnlyForDeploymentPostprocessing = 0;
		};
		87C7F6F52ADC854C009B1A50 /* Frameworks */ = {
			isa = PBXFrameworksBuildPhase;
			buildActionMask = 2147483647;
			files = (
			);
			runOnlyForDeploymentPostprocessing = 0;
		};
		87C7F6FF2ADC854C009B1A50 /* Frameworks */ = {
			isa = PBXFrameworksBuildPhase;
			buildActionMask = 2147483647;
			files = (
			);
			runOnlyForDeploymentPostprocessing = 0;
		};
/* End PBXFrameworksBuildPhase section */

/* Begin PBXGroup section */
		87C7F6D92ADC854B009B1A50 = {
			isa = PBXGroup;
			children = (
				87C7F6E42ADC854B009B1A50 /* pdf_converter */,
				87C7F6FB2ADC854C009B1A50 /* pdf_converterTests */,
				87C7F7052ADC854C009B1A50 /* pdf_converterUITests */,
				87C7F6E32ADC854B009B1A50 /* Products */,
			);
			sourceTree = "<group>";
		};
		87C7F6E32ADC854B009B1A50 /* Products */ = {
			isa = PBXGroup;
			children = (
				87C7F6E22ADC854B009B1A50 /* pdf_converter.app */,
				87C7F6F82ADC854C009B1A50 /* pdf_converterTests.xctest */,
				87C7F7022ADC854C009B1A50 /* pdf_converterUITests.xctest */,
			);
			name = Products;
			sourceTree = "<group>";
		};
		87C7F6E42ADC854B009B1A50 /* pdf_converter */ = {
			isa = PBXGroup;
			children = (
				87C7F6E52ADC854B009B1A50 /* AppDelegate.swift */,
				87C7F6E72ADC854B009B1A50 /* SceneDelegate.swift */,
				87C7F6E92ADC854B009B1A50 /* ViewController.swift */,
				87C7F6EB2ADC854B009B1A50 /* Main.storyboard */,
				87C7F6EE2ADC854C009B1A50 /* Assets.xcassets */,
				87C7F6F02ADC854C009B1A50 /* LaunchScreen.storyboard */,
				87C7F6F32ADC854C009B1A50 /* Info.plist */,
			);
			path = pdf_converter;
			sourceTree = "<group>";
		};
		87C7F6FB2ADC854C009B1A50 /* pdf_converterTests */ = {
			isa = PBXGroup;
			children = (
				87C7F6FC2ADC854C009B1A50 /* pdf_converterTests.swift */,
			);
			path = pdf_converterTests;
			sourceTree = "<group>";
		};
		87C7F7052ADC854C009B1A50 /* pdf_converterUITests */ = {
			isa = PBXGroup;
			children = (
				87C7F7062ADC854C009B1A50 /* pdf_converterUITests.swift */,
				87C7F7082ADC854C009B1A50 /* pdf_converterUITestsLaunchTests.swift */,
			);
			path = pdf_converterUITests;
			sourceTree = "<group>";
		};
/* End PBXGroup section */

/* Begin PBXNativeTarget section */
		87C7F6E12ADC854B009B1A50 /* pdf_converter */ = {
			isa = PBXNativeTarget;
			buildConfigurationList = 87C7F70C2ADC854C009B1A50 /* Build configuration list for PBXNativeTarget "pdf_converter" */;
			buildPhases = (
				87C7F6DE2ADC854B009B1A50 /* Sources */,
				87C7F6DF2ADC854B009B1A50 /* Frameworks */,
				87C7F6E02ADC854B009B1A50 /* Resources */,
			);
			buildRules = (
			);
			dependencies = (
			);
			name = pdf_converter;
			productName = pdf_converter;
			productReference = 87C7F6E22ADC854B009B1A50 /* pdf_converter.app */;
			productType = "com.apple.product-type.application";
		};
		87C7F6F72ADC854C009B1A50 /* pdf_converterTests */ = {
			isa = PBXNativeTarget;
			buildConfigurationList = 87C7F70F2ADC854C009B1A50 /* Build configuration list for PBXNativeTarget "pdf_converterTests" */;
			buildPhases = (
				87C7F6F42ADC854C009B1A50 /* Sources */,
				87C7F6F52ADC854C009B1A50 /* Frameworks */,
				87C7F6F62ADC854C009B1A50 /* Resources */,
			);
			buildRules = (
			);
			dependencies = (
				87C7F6FA2ADC854C009B1A50 /* PBXTargetDependency */,
			);
			name = pdf_converterTests;
			productName = pdf_converterTests;
			productReference = 87C7F6F82ADC854C009B1A50 /* pdf_converterTests.xctest */;
			productType = "com.apple.product-type.bundle.unit-test";
		};
		87C7F7012ADC854C009B1A50 /* pdf_converterUITests */ = {
			isa = PBXNativeTarget;
			buildConfigurationList = 87C7F7122ADC854C009B1A50 /* Build configuration list for PBXNativeTarget "pdf_converterUITests" */;
			buildPhases = (
				87C7F6FE2ADC854C009B1A50 /* Sources */,
				87C7F6FF2ADC854C009B1A50 /* Frameworks */,
				87C7F7002ADC854C009B1A50 /* Resources */,
			);
			buildRules = (
			);
			dependencies = (
				87C7F7042ADC854C009B1A50 /* PBXTargetDependency */,
			);
			name = pdf_converterUITests;
			productName = pdf_converterUITests;
			productReference = 87C7F7022ADC854C009B1A50 /* pdf_converterUITests.xctest */;
			productType = "com.apple.product-type.bundle.ui-testing";
		};
/* End PBXNativeTarget section */

/* Begin PBXProject section */
		87C7F6DA2ADC854B009B1A50 /* Project object */ = {
			isa = PBXProject;
			attributes = {
				BuildIndependentTargetsInParallel = 1;
				LastSwiftUpdateCheck = 1430;
				LastUpgradeCheck = 1430;
				TargetAttributes = {
					87C7F6E12ADC854B009B1A50 = {
						CreatedOnToolsVersion = 14.3.1;
					};
					87C7F6F72ADC854C009B1A50 = {
						CreatedOnToolsVersion = 14.3.1;
						TestTargetID = 87C7F6E12ADC854B009B1A50;
					};
					87C7F7012ADC854C009B1A50 = {
						CreatedOnToolsVersion = 14.3.1;
						TestTargetID = 87C7F6E12ADC854B009B1A50;
					};
				};
			};
			buildConfigurationList = 87C7F6DD2ADC854B009B1A50 /* Build configuration list for PBXProject "pdf_converter" */;
			compatibilityVersion = "Xcode 14.0";
			developmentRegion = en;
			hasScannedForEncodings = 0;
			knownRegions = (
				en,
				Base,
			);
			mainGroup = 87C7F6D92ADC854B009B1A50;
			productRefGroup = 87C7F6E32ADC854B009B1A50 /* Products */;
			projectDirPath = "";
			projectRoot = "";
			targets = (
				87C7F6E12ADC854B009B1A50 /* pdf_converter */,
				87C7F6F72ADC854C009B1A50 /* pdf_converterTests */,
				87C7F7012ADC854C009B1A50 /* pdf_converterUITests */,
			);
		};
/* End PBXProject section */

/* Begin PBXResourcesBuildPhase section */
		87C7F6E02ADC854B009B1A50 /* Resources */ = {
			isa = PBXResourcesBuildPhase;
			buildActionMask = 2147483647;
			files = (
				87C7F6F22ADC854C009B1A50 /* LaunchScreen.storyboard in Resources */,
				87C7F6EF2ADC854C009B1A50 /* Assets.xcassets in Resources */,
				87C7F6ED2ADC854B009B1A50 /* Main.storyboard in Resources */,
			);
			runOnlyForDeploymentPostprocessing = 0;
		};
		87C7F6F62ADC854C009B1A50 /* Resources */ = {
			isa = PBXResourcesBuildPhase;
			buildActionMask = 2147483647;
			files = (
			);
			runOnlyForDeploymentPostprocessing = 0;
		};
		87C7F7002ADC854C009B1A50 /* Resources */ = {
			isa = PBXResourcesBuildPhase;
			buildActionMask = 2147483647;
			files = (
			);
			runOnlyForDeploymentPostprocessing = 0;
		};
/* End PBXResourcesBuildPhase section */

/* Begin PBXSourcesBuildPhase section */
		87C7F6DE2ADC854B009B1A50 /* Sources */ = {
			isa = PBXSourcesBuildPhase;
			buildActionMask = 2147483647;
			files = (
				87C7F6EA2ADC854B009B1A50 /* ViewController.swift in Sources */,
				87C7F6E62ADC854B009B1A50 /* AppDelegate.swift in Sources */,
				87C7F6E82ADC854B009B1A50 /* SceneDelegate.swift in Sources */,
			);
			runOnlyForDeploymentPostprocessing = 0;
		};
		87C7F6F42ADC854C009B1A50 /* Sources */ = {
			isa = PBXSourcesBuildPhase;
			buildActionMask = 2147483647;
			files = (
				87C7F6FD2ADC854C009B1A50 /* pdf_converterTests.swift in Sources */,
			);
			runOnlyForDeploymentPostprocessing = 0;
		};
		87C7F6FE2ADC854C009B1A50 /* Sources */ = {
			isa = PBXSourcesBuildPhase;
			buildActionMask = 2147483647;
			files = (
				87C7F7092ADC854C009B1A50 /* pdf_converterUITestsLaunchTests.swift in Sources */,
				87C7F7072ADC854C009B1A50 /* pdf_converterUITests.swift in Sources */,
			);
			runOnlyForDeploymentPostprocessing = 0;
		};
/* End PBXSourcesBuildPhase section */

/* Begin PBXTargetDependency section */
		87C7F6FA2ADC854C009B1A50 /* PBXTargetDependency */ = {
			isa = PBXTargetDependency;
			target = 87C7F6E12ADC854B009B1A50 /* pdf_converter */;
			targetProxy = 87C7F6F92ADC854C009B1A50 /* PBXContainerItemProxy */;
		};
		87C7F7042ADC854C009B1A50 /* PBXTargetDependency */ = {
			isa = PBXTargetDependency;
			target = 87C7F6E12ADC854B009B1A50 /* pdf_converter */;
			targetProxy = 87C7F7032ADC854C009B1A50 /* PBXContainerItemProxy */;
		};
/* End PBXTargetDependency section */

/* Begin PBXVariantGroup section */
		87C7F6EB2ADC854B009B1A50 /* Main.storyboard */ = {
			isa = PBXVariantGroup;
			children = (
				87C7F6EC2ADC854B009B1A50 /* Base */,
			);
			name = Main.storyboard;
			sourceTree = "<group>";
		};
		87C7F6F02ADC854C009B1A50 /* LaunchScreen.storyboard */ = {
			isa = PBXVariantGroup;
			children = (
				87C7F6F12ADC854C009B1A50 /* Base */,
			);
			name = LaunchScreen.storyboard;
			sourceTree = "<group>";
		};
/* End PBXVariantGroup section */

/* Begin XCBuildConfiguration section */
		87C7F70A2ADC854C009B1A50 /* Debug */ = {
			isa = XCBuildConfiguration;
			buildSettings = {
				ALWAYS_SEARCH_USER_PATHS = NO;
				CLANG_ANALYZER_NONNULL = YES;
				CLANG_ANALYZER_NUMBER_OBJECT_CONVERSION = YES_AGGRESSIVE;
				CLANG_CXX_LANGUAGE_STANDARD = "gnu++20";
				CLANG_ENABLE_MODULES = YES;
				CLANG_ENABLE_OBJC_ARC = YES;
				CLANG_ENABLE_OBJC_WEAK = YES;
				CLANG_WARN_BLOCK_CAPTURE_AUTORELEASING = YES;
				CLANG_WARN_BOOL_CONVERSION = YES;
				CLANG_WARN_COMMA = YES;
				CLANG_WARN_CONSTANT_CONVERSION = YES;
				CLANG_WARN_DEPRECATED_OBJC_IMPLEMENTATIONS = YES;
				CLANG_WARN_DIRECT_OBJC_ISA_USAGE = YES_ERROR;
				CLANG_WARN_DOCUMENTATION_COMMENTS = YES;
				CLANG_WARN_EMPTY_BODY = YES;
				CLANG_WARN_ENUM_CONVERSION = YES;
				CLANG_WARN_INFINITE_RECURSION = YES;
				CLANG_WARN_INT_CONVERSION = YES;
				CLANG_WARN_NON_LITERAL_NULL_CONVERSION = YES;
				CLANG_WARN_OBJC_IMPLICIT_RETAIN_SELF = YES;
				CLANG_WARN_OBJC_LITERAL_CONVERSION = YES;
				CLANG_WARN_OBJC_ROOT_CLASS = YES_ERROR;
				CLANG_WARN_QUOTED_INCLUDE_IN_FRAMEWORK_HEADER = YES;
				CLANG_WARN_RANGE_LOOP_ANALYSIS = YES;
				CLANG_WARN_STRICT_PROTOTYPES = YES;
				CLANG_WARN_SUSPICIOUS_MOVE = YES;
				CLANG_WARN_UNGUARDED_AVAILABILITY = YES_AGGRESSIVE;
				CLANG_WARN_UNREACHABLE_CODE = YES;
				CLANG_WARN__DUPLICATE_METHOD_MATCH = YES;
				COPY_PHASE_STRIP = NO;
				DEBUG_INFORMATION_FORMAT = dwarf;
				ENABLE_STRICT_OBJC_MSGSEND = YES;
				ENABLE_TESTABILITY = YES;
				GCC_C_LANGUAGE_STANDARD = gnu11;
				GCC_DYNAMIC_NO_PIC = NO;
				GCC_NO_COMMON_BLOCKS = YES;
				GCC_OPTIMIZATION_LEVEL = 0;
				GCC_PREPROCESSOR_DEFINITIONS = (
					"DEBUG=1",
					"$(inherited)",
				);
				GCC_WARN_64_TO_32_BIT_CONVERSION = YES;
				GCC_WARN_ABOUT_RETURN_TYPE = YES_ERROR;
				GCC_WARN_UNDECLARED_SELECTOR = YES;
				GCC_WARN_UNINITIALIZED_AUTOS = YES_AGGRESSIVE;
				GCC_WARN_UNUSED_FUNCTION = YES;
				GCC_WARN_UNUSED_VARIABLE = YES;
				IPHONEOS_DEPLOYMENT_TARGET = 16.4;
				MTL_ENABLE_DEBUG_INFO = INCLUDE_SOURCE;
				MTL_FAST_MATH = YES;
				ONLY_ACTIVE_ARCH = YES;
				SDKROOT = iphoneos;
				SWIFT_ACTIVE_COMPILATION_CONDITIONS = DEBUG;
				SWIFT_OPTIMIZATION_LEVEL = "-Onone";
			};
			name = Debug;
		};
		87C7F70B2ADC854C009B1A50 /* Release */ = {
			isa = XCBuildConfiguration;
			buildSettings = {
				ALWAYS_SEARCH_USER_PATHS = NO;
				CLANG_ANALYZER_NONNULL = YES;
				CLANG_ANALYZER_NUMBER_OBJECT_CONVERSION = YES_AGGRESSIVE;
				CLANG_CXX_LANGUAGE_STANDARD = "gnu++20";
				CLANG_ENABLE_MODULES = YES;
				CLANG_ENABLE_OBJC_ARC = YES;
				CLANG_ENABLE_OBJC_WEAK = YES;
				CLANG_WARN_BLOCK_CAPTURE_AUTORELEASING = YES;
				CLANG_WARN_BOOL_CONVERSION = YES;
				CLANG_WARN_COMMA = YES;
				CLANG_WARN_CONSTANT_CONVERSION = YES;
				CLANG_WARN_DEPRECATED_OBJC_IMPLEMENTATIONS = YES;
				CLANG_WARN_DIRECT_OBJC_ISA_USAGE = YES_ERROR;
				CLANG_WARN_DOCUMENTATION_COMMENTS = YES;
				CLANG_WARN_EMPTY_BODY = YES;
				CLANG_WARN_ENUM_CONVERSION = YES;
				CLANG_WARN_INFINITE_RECURSION = YES;
				CLANG_WARN_INT_CONVERSION = YES;
				CLANG_WARN_NON_LITERAL_NULL_CONVERSION = YES;
				CLANG_WARN_OBJC_IMPLICIT_RETAIN_SELF = YES;
				CLANG_WARN_OBJC_LITERAL_CONVERSION = YES;
				CLANG_WARN_OBJC_ROOT_CLASS = YES_ERROR;
				CLANG_WARN_QUOTED_INCLUDE_IN_FRAMEWORK_HEADER = YES;
				CLANG_WARN_RANGE_LOOP_ANALYSIS = YES;
				CLANG_WARN_STRICT_PROTOTYPES = YES;
				CLANG_WARN_SUSPICIOUS_MOVE = YES;
				CLANG_WARN_UNGUARDED_AVAILABILITY = YES_AGGRESSIVE;
				CLANG_WARN_UNREACHABLE_CODE = YES;
				CLANG_WARN__DUPLICATE_METHOD_MATCH = YES;
				COPY_PHASE_STRIP = NO;
				DEBUG_INFORMATION_FORMAT = "dwarf-with-dsym";
				ENABLE_NS_ASSERTIONS = NO;
				ENABLE_STRICT_OBJC_MSGSEND = YES;
				GCC_C_LANGUAGE_STANDARD = gnu11;
				GCC_NO_COMMON_BLOCKS = YES;
				GCC_WARN_64_TO_32_BIT_CONVERSION = YES;
				GCC_WARN_ABOUT_RETURN_TYPE = YES_ERROR;
				GCC_WARN_UNDECLARED_SELECTOR = YES;
				GCC_WARN_UNINITIALIZED_AUTOS = YES_AGGRESSIVE;
				GCC_WARN_UNUSED_FUNCTION = YES;
				GCC_WARN_UNUSED_VARIABLE = YES;
				IPHONEOS_DEPLOYMENT_TARGET = 16.4;
				MTL_ENABLE_DEBUG_INFO = NO;
				MTL_FAST_MATH = YES;
				SDKROOT = iphoneos;
				SWIFT_COMPILATION_MODE = wholemodule;
				SWIFT_OPTIMIZATION_LEVEL = "-O";
				VALIDATE_PRODUCT = YES;
			};
			name = Release;
		};
		87C7F70D2ADC854C009B1A50 /* Debug */ = {
			isa = XCBuildConfiguration;
			buildSettings = {
				ASSETCATALOG_COMPILER_APPICON_NAME = AppIcon;
				ASSETCATALOG_COMPILER_GLOBAL_ACCENT_COLOR_NAME = AccentColor;
				CODE_SIGN_STYLE = Automatic;
				CURRENT_PROJECT_VERSION = 1;
				GENERATE_INFOPLIST_FILE = YES;
				INFOPLIST_FILE = pdf_converter/Info.plist;
				INFOPLIST_KEY_UIApplicationSupportsIndirectInputEvents = YES;
				INFOPLIST_KEY_UILaunchStoryboardName = LaunchScreen;
				INFOPLIST_KEY_UIMainStoryboardFile = Main;
				INFOPLIST_KEY_UISupportedInterfaceOrientations_iPad = "UIInterfaceOrientationPortrait UIInterfaceOrientationPortraitUpsideDown UIInterfaceOrientationLandscapeLeft UIInterfaceOrientationLandscapeRight";
				INFOPLIST_KEY_UISupportedInterfaceOrientations_iPhone = "UIInterfaceOrientationPortrait UIInterfaceOrientationLandscapeLeft UIInterfaceOrientationLandscapeRight";
				LD_RUNPATH_SEARCH_PATHS = (
					"$(inherited)",
					"@executable_path/Frameworks",
				);
				MARKETING_VERSION = 1.0;
				PRODUCT_BUNDLE_IDENTIFIER = "co.appbrewery.pdf-converter";
				PRODUCT_NAME = "$(TARGET_NAME)";
				SWIFT_EMIT_LOC_STRINGS = YES;
				SWIFT_VERSION = 5.0;
				TARGETED_DEVICE_FAMILY = "1,2";
			};
			name = Debug;
		};
		87C7F70E2ADC854C009B1A50 /* Release */ = {
			isa = XCBuildConfiguration;
			buildSettings = {
				ASSETCATALOG_COMPILER_APPICON_NAME = AppIcon;
				ASSETCATALOG_COMPILER_GLOBAL_ACCENT_COLOR_NAME = AccentColor;
				CODE_SIGN_STYLE = Automatic;
				CURRENT_PROJECT_VERSION = 1;
				GENERATE_INFOPLIST_FILE = YES;
				INFOPLIST_FILE = pdf_converter/Info.plist;
				INFOPLIST_KEY_UIApplicationSupportsIndirectInputEvents = YES;
				INFOPLIST_KEY_UILaunchStoryboardName = LaunchScreen;
				INFOPLIST_KEY_UIMainStoryboardFile = Main;
				INFOPLIST_KEY_UISupportedInterfaceOrientations_iPad = "UIInterfaceOrientationPortrait UIInterfaceOrientationPortraitUpsideDown UIInterfaceOrientationLandscapeLeft UIInterfaceOrientationLandscapeRight";
				INFOPLIST_KEY_UISupportedInterfaceOrientations_iPhone = "UIInterfaceOrientationPortrait UIInterfaceOrientationLandscapeLeft UIInterfaceOrientationLandscapeRight";
				LD_RUNPATH_SEARCH_PATHS = (
					"$(inherited)",
					"@executable_path/Frameworks",
				);
				MARKETING_VERSION = 1.0;
				PRODUCT_BUNDLE_IDENTIFIER = "co.appbrewery.pdf-converter";
				PRODUCT_NAME = "$(TARGET_NAME)";
				SWIFT_EMIT_LOC_STRINGS = YES;
				SWIFT_VERSION = 5.0;
				TARGETED_DEVICE_FAMILY = "1,2";
			};
			name = Release;
		};
		87C7F7102ADC854C009B1A50 /* Debug */ = {
			isa = XCBuildConfiguration;
			buildSettings = {
				ALWAYS_EMBED_SWIFT_STANDARD_LIBRARIES = YES;
				BUNDLE_LOADER = "$(TEST_HOST)";
				CODE_SIGN_STYLE = Automatic;
				CURRENT_PROJECT_VERSION = 1;
				GENERATE_INFOPLIST_FILE = YES;
				IPHONEOS_DEPLOYMENT_TARGET = 16.4;
				MARKETING_VERSION = 1.0;
				PRODUCT_BUNDLE_IDENTIFIER = "co.appbrewery.pdf-converterTests";
				PRODUCT_NAME = "$(TARGET_NAME)";
				SWIFT_EMIT_LOC_STRINGS = NO;
				SWIFT_VERSION = 5.0;
				TARGETED_DEVICE_FAMILY = "1,2";
				TEST_HOST = "$(BUILT_PRODUCTS_DIR)/pdf_converter.app/$(BUNDLE_EXECUTABLE_FOLDER_PATH)/pdf_converter";
			};
			name = Debug;
		};
		87C7F7112ADC854C009B1A50 /* Release */ = {
			isa = XCBuildConfiguration;
			buildSettings = {
				ALWAYS_EMBED_SWIFT_STANDARD_LIBRARIES = YES;
				BUNDLE_LOADER = "$(TEST_HOST)";
				CODE_SIGN_STYLE = Automatic;
				CURRENT_PROJECT_VERSION = 1;
				GENERATE_INFOPLIST_FILE = YES;
				IPHONEOS_DEPLOYMENT_TARGET = 16.4;
				MARKETING_VERSION = 1.0;
				PRODUCT_BUNDLE_IDENTIFIER = "co.appbrewery.pdf-converterTests";
				PRODUCT_NAME = "$(TARGET_NAME)";
				SWIFT_EMIT_LOC_STRINGS = NO;
				SWIFT_VERSION = 5.0;
				TARGETED_DEVICE_FAMILY = "1,2";
				TEST_HOST = "$(BUILT_PRODUCTS_DIR)/pdf_converter.app/$(BUNDLE_EXECUTABLE_FOLDER_PATH)/pdf_converter";
			};
			name = Release;
		};
		87C7F7132ADC854C009B1A50 /* Debug */ = {
			isa = XCBuildConfiguration;
			buildSettings = {
				ALWAYS_EMBED_SWIFT_STANDARD_LIBRARIES = YES;
				CODE_SIGN_STYLE = Automatic;
				CURRENT_PROJECT_VERSION = 1;
				GENERATE_INFOPLIST_FILE = YES;
				MARKETING_VERSION = 1.0;
				PRODUCT_BUNDLE_IDENTIFIER = "co.appbrewery.pdf-converterUITests";
				PRODUCT_NAME = "$(TARGET_NAME)";
				SWIFT_EMIT_LOC_STRINGS = NO;
				SWIFT_VERSION = 5.0;
				TARGETED_DEVICE_FAMILY = "1,2";
				TEST_TARGET_NAME = pdf_converter;
			};
			name = Debug;
		};
		87C7F7142ADC854C009B1A50 /* Release */ = {
			isa = XCBuildConfiguration;
			buildSettings = {
				ALWAYS_EMBED_SWIFT_STANDARD_LIBRARIES = YES;
				CODE_SIGN_STYLE = Automatic;
				CURRENT_PROJECT_VERSION = 1;
				GENERATE_INFOPLIST_FILE = YES;
				MARKETING_VERSION = 1.0;
				PRODUCT_BUNDLE_IDENTIFIER = "co.appbrewery.pdf-converterUITests";
				PRODUCT_NAME = "$(TARGET_NAME)";
				SWIFT_EMIT_LOC_STRINGS = NO;
				SWIFT_VERSION = 5.0;
				TARGETED_DEVICE_FAMILY = "1,2";
				TEST_TARGET_NAME = pdf_converter;
			};
			name = Release;
		};
/* End XCBuildConfiguration section */

/* Begin XCConfigurationList section */
		87C7F6DD2ADC854B009B1A50 /* Build configuration list for PBXProject "pdf_converter" */ = {
			isa = XCConfigurationList;
			buildConfigurations = (
				87C7F70A2ADC854C009B1A50 /* Debug */,
				87C7F70B2ADC854C009B1A50 /* Release */,
			);
			defaultConfigurationIsVisible = 0;
			defaultConfigurationName = Release;
		};
		87C7F70C2ADC854C009B1A50 /* Build configuration list for PBXNativeTarget "pdf_converter" */ = {
			isa = XCConfigurationList;
			buildConfigurations = (
				87C7F70D2ADC854C009B1A50 /* Debug */,
				87C7F70E2ADC854C009B1A50 /* Release */,
			);
			defaultConfigurationIsVisible = 0;
			defaultConfigurationName = Release;
		};
		87C7F70F2ADC854C009B1A50 /* Build configuration list for PBXNativeTarget "pdf_converterTests" */ = {
			isa = XCConfigurationList;
			buildConfigurations = (
				87C7F7102ADC854C009B1A50 /* Debug */,
				87C7F7112ADC854C009B1A50 /* Release */,
			);
			defaultConfigurationIsVisible = 0;
			defaultConfigurationName = Release;
		};
		87C7F7122ADC854C009B1A50 /* Build configuration list for PBXNativeTarget "pdf_converterUITests" */ = {
			isa = XCConfigurationList;
			buildConfigurations = (
				87C7F7132ADC854C009B1A50 /* Debug */,
				87C7F7142ADC854C009B1A50 /* Release */,
			);
			defaultConfigurationIsVisible = 0;
			defaultConfigurationName = Release;
		};
/* End XCConfigurationList section */
	};
	rootObject = 87C7F6DA2ADC854B009B1A50 /* Project object */;
}
